# This file is autogenerated, do not edit; changes may be undone by the next 'dep ensure'.


[[projects]]
  digest = "1:4347eb9743fce5da88724111b3d4ae237db16ff5ca40c2f32f6cfd83f86e3482"
  name = "github.com/james-nesbitt/snake"
  packages = [
    "game",
    "server",
  ]
  pruneopts = "UT"
  revision = "7ec646840bf7ad2cb402242eb844de25ee421cec"
  version = "0.1"

[[projects]]
  digest = "1:114ecad51af93a73ae6781fd0d0bc28e52b433c852b84ab4b4c109c15e6c6b6d"
  name = "github.com/jroimartin/gocui"
  packages = ["."]
  pruneopts = "UT"
  revision = "c055c87ae801372cd74a0839b972db4f7697ae5f"
  version = "v0.4.0"

[[projects]]
  digest = "1:eb1bffab7260bf5ddc95fc2c41d4bfee1a4f5fe18194b3946fe8a9e9121a282f"
  name = "github.com/mattn/go-runewidth"
  packages = ["."]
  pruneopts = "UT"
  revision = "a4df4ddbff020e131056d91f580a1cdcd806e3ae"
  version = "v0.0.8"

[[projects]]
  branch = "master"
  digest = "1:b234efb8a53000a5ca62490bd903b02f6a36fe35ea313fee2a4ac70b3e221adf"
  name = "github.com/nsf/termbox-go"
  packages = ["."]
  pruneopts = "UT"
  revision = "58d4fcbce2a7e6a3a48afbc6b7ec2a916ac33ee0"

[solve-meta]
  analyzer-name = "dep"
  analyzer-version = 1
  input-imports = [
    "github.com/james-nesbitt/snake/game",
    "github.com/james-nesbitt/snake/server",
    "github.com/jroimartin/gocui",
  ]
  solver-name = "gps-cdcl"
  solver-version = 1
